// !$*UTF8*$!
{
	archiveVersion = 1;
	classes = {
	};
	objectVersion = 46;
	objects = {

/* Begin PBXBuildFile section */
		1A4A231D1CCA8D2C003A4350 /* AppDelegate.swift in Sources */ = {isa = PBXBuildFile; fileRef = 1A4A231C1CCA8D2C003A4350 /* AppDelegate.swift */; };
		1A4A23221CCA8D2C003A4350 /* Main.storyboard in Resources */ = {isa = PBXBuildFile; fileRef = 1A4A23201CCA8D2C003A4350 /* Main.storyboard */; };
		1A4A23241CCA8D2C003A4350 /* Assets.xcassets in Resources */ = {isa = PBXBuildFile; fileRef = 1A4A23231CCA8D2C003A4350 /* Assets.xcassets */; };
		1A4A23271CCA8D2C003A4350 /* LaunchScreen.storyboard in Resources */ = {isa = PBXBuildFile; fileRef = 1A4A23251CCA8D2C003A4350 /* LaunchScreen.storyboard */; };
		CCD9E6D91CF89BFF0041EAD6 /* Stack.swift in Sources */ = {isa = PBXBuildFile; fileRef = CCD9E6D81CF89BFF0041EAD6 /* Stack.swift */; };
		CCD9E6DC1CF89C2D0041EAD6 /* Model.xcdatamodeld in Sources */ = {isa = PBXBuildFile; fileRef = CCD9E6DA1CF89C2D0041EAD6 /* Model.xcdatamodeld */; };
		CCD9E6DF1CF89CB30041EAD6 /* Shopping+CoreDataProperties.swift in Sources */ = {isa = PBXBuildFile; fileRef = CCD9E6DD1CF89CB30041EAD6 /* Shopping+CoreDataProperties.swift */; };
		CCD9E6E01CF89CB30041EAD6 /* Shopping.swift in Sources */ = {isa = PBXBuildFile; fileRef = CCD9E6DE1CF89CB30041EAD6 /* Shopping.swift */; };
		CCD9E6E21CF89E840041EAD6 /* ShoppingListTableViewController.swift in Sources */ = {isa = PBXBuildFile; fileRef = CCD9E6E11CF89E840041EAD6 /* ShoppingListTableViewController.swift */; };
		CCD9E6E41CF89F090041EAD6 /* ShoppingController.swift in Sources */ = {isa = PBXBuildFile; fileRef = CCD9E6E31CF89F090041EAD6 /* ShoppingController.swift */; };
		CCD9E6E81CF8A0030041EAD6 /* ButtonTableViewCell.swift in Sources */ = {isa = PBXBuildFile; fileRef = CCD9E6E71CF8A0030041EAD6 /* ButtonTableViewCell.swift */; };
/* End PBXBuildFile section */

/* Begin PBXFileReference section */
		1A4A23191CCA8D2C003A4350 /* ShoppingList.app */ = {isa = PBXFileReference; explicitFileType = wrapper.application; includeInIndex = 0; path = ShoppingList.app; sourceTree = BUILT_PRODUCTS_DIR; };
		1A4A231C1CCA8D2C003A4350 /* AppDelegate.swift */ = {isa = PBXFileReference; lastKnownFileType = sourcecode.swift; path = AppDelegate.swift; sourceTree = "<group>"; };
		1A4A23211CCA8D2C003A4350 /* Base */ = {isa = PBXFileReference; lastKnownFileType = file.storyboard; name = Base; path = Base.lproj/Main.storyboard; sourceTree = "<group>"; };
		1A4A23231CCA8D2C003A4350 /* Assets.xcassets */ = {isa = PBXFileReference; lastKnownFileType = folder.assetcatalog; path = Assets.xcassets; sourceTree = "<group>"; };
		1A4A23261CCA8D2C003A4350 /* Base */ = {isa = PBXFileReference; lastKnownFileType = file.storyboard; name = Base; path = Base.lproj/LaunchScreen.storyboard; sourceTree = "<group>"; };
		1A4A23281CCA8D2C003A4350 /* Info.plist */ = {isa = PBXFileReference; lastKnownFileType = text.plist.xml; path = Info.plist; sourceTree = "<group>"; };
		CCD9E6D81CF89BFF0041EAD6 /* Stack.swift */ = {isa = PBXFileReference; fileEncoding = 4; lastKnownFileType = sourcecode.swift; path = Stack.swift; sourceTree = "<group>"; };
		CCD9E6DB1CF89C2D0041EAD6 /* Model.xcdatamodel */ = {isa = PBXFileReference; lastKnownFileType = wrapper.xcdatamodel; path = Model.xcdatamodel; sourceTree = "<group>"; };
		CCD9E6DD1CF89CB30041EAD6 /* Shopping+CoreDataProperties.swift */ = {isa = PBXFileReference; fileEncoding = 4; lastKnownFileType = sourcecode.swift; name = "Shopping+CoreDataProperties.swift"; path = "../Shopping+CoreDataProperties.swift"; sourceTree = "<group>"; };
		CCD9E6DE1CF89CB30041EAD6 /* Shopping.swift */ = {isa = PBXFileReference; fileEncoding = 4; lastKnownFileType = sourcecode.swift; name = Shopping.swift; path = ../Shopping.swift; sourceTree = "<group>"; };
		CCD9E6E11CF89E840041EAD6 /* ShoppingListTableViewController.swift */ = {isa = PBXFileReference; fileEncoding = 4; lastKnownFileType = sourcecode.swift; path = ShoppingListTableViewController.swift; sourceTree = "<group>"; };
		CCD9E6E31CF89F090041EAD6 /* ShoppingController.swift */ = {isa = PBXFileReference; fileEncoding = 4; lastKnownFileType = sourcecode.swift; path = ShoppingController.swift; sourceTree = "<group>"; };
		CCD9E6E71CF8A0030041EAD6 /* ButtonTableViewCell.swift */ = {isa = PBXFileReference; fileEncoding = 4; lastKnownFileType = sourcecode.swift; path = ButtonTableViewCell.swift; sourceTree = "<group>"; };
/* End PBXFileReference section */

/* Begin PBXFrameworksBuildPhase section */
		1A4A23161CCA8D2C003A4350 /* Frameworks */ = {
			isa = PBXFrameworksBuildPhase;
			buildActionMask = 2147483647;
			files = (
			);
			runOnlyForDeploymentPostprocessing = 0;
		};
/* End PBXFrameworksBuildPhase section */

/* Begin PBXGroup section */
		1A4A23101CCA8D2C003A4350 = {
			isa = PBXGroup;
			children = (
				1A4A231B1CCA8D2C003A4350 /* ShoppingList */,
				1A4A231A1CCA8D2C003A4350 /* Products */,
			);
			sourceTree = "<group>";
		};
		1A4A231A1CCA8D2C003A4350 /* Products */ = {
			isa = PBXGroup;
			children = (
				1A4A23191CCA8D2C003A4350 /* ShoppingList.app */,
			);
			name = Products;
			sourceTree = "<group>";
		};
		1A4A231B1CCA8D2C003A4350 /* ShoppingList */ = {
			isa = PBXGroup;
			children = (
				1A4A231C1CCA8D2C003A4350 /* AppDelegate.swift */,
				CCD9E6D81CF89BFF0041EAD6 /* Stack.swift */,
				CCD9E6E51CF89F6E0041EAD6 /* MODEL */,
				CCD9E6E61CF89F8D0041EAD6 /* MODEL CONTROLLER */,
				CCD9E6E91CF8A0630041EAD6 /* VIEW CONTROLLERS */,
				CCD9E6EA1CF8A0700041EAD6 /* VIEW */,
				1A4A23231CCA8D2C003A4350 /* Assets.xcassets */,
				1A4A23251CCA8D2C003A4350 /* LaunchScreen.storyboard */,
				1A4A23281CCA8D2C003A4350 /* Info.plist */,
			);
			path = ShoppingList;
			sourceTree = "<group>";
		};
		CCD9E6E51CF89F6E0041EAD6 /* MODEL */ = {
			isa = PBXGroup;
			children = (
				CCD9E6DA1CF89C2D0041EAD6 /* Model.xcdatamodeld */,
				CCD9E6DD1CF89CB30041EAD6 /* Shopping+CoreDataProperties.swift */,
				CCD9E6DE1CF89CB30041EAD6 /* Shopping.swift */,
			);
			name = MODEL;
			sourceTree = "<group>";
		};
		CCD9E6E61CF89F8D0041EAD6 /* MODEL CONTROLLER */ = {
			isa = PBXGroup;
			children = (
				CCD9E6E31CF89F090041EAD6 /* ShoppingController.swift */,
			);
			name = "MODEL CONTROLLER";
			sourceTree = "<group>";
		};
		CCD9E6E91CF8A0630041EAD6 /* VIEW CONTROLLERS */ = {
			isa = PBXGroup;
			children = (
				CCD9E6E11CF89E840041EAD6 /* ShoppingListTableViewController.swift */,
				CCD9E6E71CF8A0030041EAD6 /* ButtonTableViewCell.swift */,
			);
			name = "VIEW CONTROLLERS";
			sourceTree = "<group>";
		};
		CCD9E6EA1CF8A0700041EAD6 /* VIEW */ = {
			isa = PBXGroup;
			children = (
				1A4A23201CCA8D2C003A4350 /* Main.storyboard */,
			);
			name = VIEW;
			sourceTree = "<group>";
		};
/* End PBXGroup section */

/* Begin PBXNativeTarget section */
		1A4A23181CCA8D2C003A4350 /* ShoppingList */ = {
			isa = PBXNativeTarget;
			buildConfigurationList = 1A4A232B1CCA8D2C003A4350 /* Build configuration list for PBXNativeTarget "ShoppingList" */;
			buildPhases = (
				1A4A23151CCA8D2C003A4350 /* Sources */,
				1A4A23161CCA8D2C003A4350 /* Frameworks */,
				1A4A23171CCA8D2C003A4350 /* Resources */,
			);
			buildRules = (
			);
			dependencies = (
			);
			name = ShoppingList;
			productName = ShoppingList;
			productReference = 1A4A23191CCA8D2C003A4350 /* ShoppingList.app */;
			productType = "com.apple.product-type.application";
		};
/* End PBXNativeTarget section */

/* Begin PBXProject section */
		1A4A23111CCA8D2C003A4350 /* Project object */ = {
			isa = PBXProject;
			attributes = {
				LastSwiftUpdateCheck = 0730;
				LastUpgradeCheck = 0730;
				ORGANIZATIONNAME = DevMountain;
				TargetAttributes = {
					1A4A23181CCA8D2C003A4350 = {
						CreatedOnToolsVersion = 7.3;
					};
				};
			};
			buildConfigurationList = 1A4A23141CCA8D2C003A4350 /* Build configuration list for PBXProject "ShoppingList" */;
			compatibilityVersion = "Xcode 3.2";
			developmentRegion = English;
			hasScannedForEncodings = 0;
			knownRegions = (
				en,
				Base,
			);
			mainGroup = 1A4A23101CCA8D2C003A4350;
			productRefGroup = 1A4A231A1CCA8D2C003A4350 /* Products */;
			projectDirPath = "";
			projectRoot = "";
			targets = (
				1A4A23181CCA8D2C003A4350 /* ShoppingList */,
			);
		};
/* End PBXProject section */

/* Begin PBXResourcesBuildPhase section */
		1A4A23171CCA8D2C003A4350 /* Resources */ = {
			isa = PBXResourcesBuildPhase;
			buildActionMask = 2147483647;
			files = (
				1A4A23271CCA8D2C003A4350 /* LaunchScreen.storyboard in Resources */,
				1A4A23241CCA8D2C003A4350 /* Assets.xcassets in Resources */,
				1A4A23221CCA8D2C003A4350 /* Main.storyboard in Resources */,
			);
			runOnlyForDeploymentPostprocessing = 0;
		};
/* End PBXResourcesBuildPhase section */

/* Begin PBXSourcesBuildPhase section */
		1A4A23151CCA8D2C003A4350 /* Sources */ = {
			isa = PBXSourcesBuildPhase;
			buildActionMask = 2147483647;
			files = (
				CCD9E6D91CF89BFF0041EAD6 /* Stack.swift in Sources */,
				CCD9E6DF1CF89CB30041EAD6 /* Shopping+CoreDataProperties.swift in Sources */,
				1A4A231D1CCA8D2C003A4350 /* AppDelegate.swift in Sources */,
				CCD9E6E81CF8A0030041EAD6 /* ButtonTableViewCell.swift in Sources */,
				CCD9E6DC1CF89C2D0041EAD6 /* Model.xcdatamodeld in Sources */,
				CCD9E6E01CF89CB30041EAD6 /* Shopping.swift in Sources */,
				CCD9E6E41CF89F090041EAD6 /* ShoppingController.swift in Sources */,
				CCD9E6E21CF89E840041EAD6 /* ShoppingListTableViewController.swift in Sources */,
			);
			runOnlyForDeploymentPostprocessing = 0;
		};
/* End PBXSourcesBuildPhase section */

/* Begin PBXVariantGroup section */
		1A4A23201CCA8D2C003A4350 /* Main.storyboard */ = {
			isa = PBXVariantGroup;
			children = (
				1A4A23211CCA8D2C003A4350 /* Base */,
			);
			name = Main.storyboard;
			sourceTree = "<group>";
		};
		1A4A23251CCA8D2C003A4350 /* LaunchScreen.storyboard */ = {
			isa = PBXVariantGroup;
			children = (
				1A4A23261CCA8D2C003A4350 /* Base */,
			);
			name = LaunchScreen.storyboard;
			sourceTree = "<group>";
		};
/* End PBXVariantGroup section */

/* Begin XCBuildConfiguration section */
		1A4A23291CCA8D2C003A4350 /* Debug */ = {
			isa = XCBuildConfiguration;
			buildSettings = {
				ALWAYS_SEARCH_USER_PATHS = NO;
				CLANG_ANALYZER_NONNULL = YES;
				CLANG_CXX_LANGUAGE_STANDARD = "gnu++0x";
				CLANG_CXX_LIBRARY = "libc++";
				CLANG_ENABLE_MODULES = YES;
				CLANG_ENABLE_OBJC_ARC = YES;
				CLANG_WARN_BOOL_CONVERSION = YES;
				CLANG_WARN_CONSTANT_CONVERSION = YES;
				CLANG_WARN_DIRECT_OBJC_ISA_USAGE = YES_ERROR;
				CLANG_WARN_EMPTY_BODY = YES;
				CLANG_WARN_ENUM_CONVERSION = YES;
				CLANG_WARN_INT_CONVERSION = YES;
				CLANG_WARN_OBJC_ROOT_CLASS = YES_ERROR;
				CLANG_WARN_UNREACHABLE_CODE = YES;
				CLANG_WARN__DUPLICATE_METHOD_MATCH = YES;
				"CODE_SIGN_IDENTITY[sdk=iphoneos*]" = "iPhone Developer";
				COPY_PHASE_STRIP = NO;
				DEBUG_INFORMATION_FORMAT = dwarf;
				ENABLE_STRICT_OBJC_MSGSEND = YES;
				ENABLE_TESTABILITY = YES;
				GCC_C_LANGUAGE_STANDARD = gnu99;
				GCC_DYNAMIC_NO_PIC = NO;
				GCC_NO_COMMON_BLOCKS = YES;
				GCC_OPTIMIZATION_LEVEL = 0;
				GCC_PREPROCESSOR_DEFINITIONS = (
					"DEBUG=1",
					"$(inherited)",
				);
				GCC_WARN_64_TO_32_BIT_CONVERSION = YES;
				GCC_WARN_ABOUT_RETURN_TYPE = YES_ERROR;
				GCC_WARN_UNDECLARED_SELECTOR = YES;
				GCC_WARN_UNINITIALIZED_AUTOS = YES_AGGRESSIVE;
				GCC_WARN_UNUSED_FUNCTION = YES;
				GCC_WARN_UNUSED_VARIABLE = YES;
				IPHONEOS_DEPLOYMENT_TARGET = 9.3;
				MTL_ENABLE_DEBUG_INFO = YES;
				ONLY_ACTIVE_ARCH = YES;
				SDKROOT = iphoneos;
				SWIFT_OPTIMIZATION_LEVEL = "-Onone";
			};
			name = Debug;
		};
		1A4A232A1CCA8D2C003A4350 /* Release */ = {
			isa = XCBuildConfiguration;
			buildSettings = {
				ALWAYS_SEARCH_USER_PATHS = NO;
				CLANG_ANALYZER_NONNULL = YES;
				CLANG_CXX_LANGUAGE_STANDARD = "gnu++0x";
				CLANG_CXX_LIBRARY = "libc++";
				CLANG_ENABLE_MODULES = YES;
				CLANG_ENABLE_OBJC_ARC = YES;
				CLANG_WARN_BOOL_CONVERSION = YES;
				CLANG_WARN_CONSTANT_CONVERSION = YES;
				CLANG_WARN_DIRECT_OBJC_ISA_USAGE = YES_ERROR;
				CLANG_WARN_EMPTY_BODY = YES;
				CLANG_WARN_ENUM_CONVERSION = YES;
				CLANG_WARN_INT_CONVERSION = YES;
				CLANG_WARN_OBJC_ROOT_CLASS = YES_ERROR;
				CLANG_WARN_UNREACHABLE_CODE = YES;
				CLANG_WARN__DUPLICATE_METHOD_MATCH = YES;
				"CODE_SIGN_IDENTITY[sdk=iphoneos*]" = "iPhone Developer";
				COPY_PHASE_STRIP = NO;
				DEBUG_INFORMATION_FORMAT = "dwarf-with-dsym";
				ENABLE_NS_ASSERTIONS = NO;
				ENABLE_STRICT_OBJC_MSGSEND = YES;
				GCC_C_LANGUAGE_STANDARD = gnu99;
				GCC_NO_COMMON_BLOCKS = YES;
				GCC_WARN_64_TO_32_BIT_CONVERSION = YES;
				GCC_WARN_ABOUT_RETURN_TYPE = YES_ERROR;
				GCC_WARN_UNDECLARED_SELECTOR = YES;
				GCC_WARN_UNINITIALIZED_AUTOS = YES_AGGRESSIVE;
				GCC_WARN_UNUSED_FUNCTION = YES;
				GCC_WARN_UNUSED_VARIABLE = YES;
				IPHONEOS_DEPLOYMENT_TARGET = 9.3;
				MTL_ENABLE_DEBUG_INFO = NO;
				SDKROOT = iphoneos;
				VALIDATE_PRODUCT = YES;
			};
			name = Release;
		};
		1A4A232C1CCA8D2C003A4350 /* Debug */ = {
			isa = XCBuildConfiguration;
			buildSettings = {
				ASSETCATALOG_COMPILER_APPICON_NAME = AppIcon;
				INFOPLIST_FILE = ShoppingList/Info.plist;
				LD_RUNPATH_SEARCH_PATHS = "$(inherited) @executable_path/Frameworks";
				PRODUCT_BUNDLE_IDENTIFIER = com.devmountain.ShoppingList;
				PRODUCT_NAME = "$(TARGET_NAME)";
			};
			name = Debug;
		};
		1A4A232D1CCA8D2C003A4350 /* Release */ = {
			isa = XCBuildConfiguration;
			buildSettings = {
				ASSETCATALOG_COMPILER_APPICON_NAME = AppIcon;
				INFOPLIST_FILE = ShoppingList/Info.plist;
				LD_RUNPATH_SEARCH_PATHS = "$(inherited) @executable_path/Frameworks";
				PRODUCT_BUNDLE_IDENTIFIER = com.devmountain.ShoppingList;
				PRODUCT_NAME = "$(TARGET_NAME)";
			};
			name = Release;
		};
/* End XCBuildConfiguration section */

/* Begin XCConfigurationList section */
		1A4A23141CCA8D2C003A4350 /* Build configuration list for PBXProject "ShoppingList" */ = {
			isa = XCConfigurationList;
			buildConfigurations = (
				1A4A23291CCA8D2C003A4350 /* Debug */,
				1A4A232A1CCA8D2C003A4350 /* Release */,
			);
			defaultConfigurationIsVisible = 0;
			defaultConfigurationName = Release;
		};
		1A4A232B1CCA8D2C003A4350 /* Build configuration list for PBXNativeTarget "ShoppingList" */ = {
			isa = XCConfigurationList;
			buildConfigurations = (
				1A4A232C1CCA8D2C003A4350 /* Debug */,
				1A4A232D1CCA8D2C003A4350 /* Release */,
			);
			defaultConfigurationIsVisible = 0;
			defaultConfigurationName = Release;
		};
/* End XCConfigurationList section */

/* Begin XCVersionGroup section */
		CCD9E6DA1CF89C2D0041EAD6 /* Model.xcdatamodeld */ = {
			isa = XCVersionGroup;
			children = (
				CCD9E6DB1CF89C2D0041EAD6 /* Model.xcdatamodel */,
			);
			currentVersion = CCD9E6DB1CF89C2D0041EAD6 /* Model.xcdatamodel */;
			path = Model.xcdatamodeld;
			sourceTree = "<group>";
			versionGroupType = wrapper.xcdatamodel;
		};
/* End XCVersionGroup section */
	};
	rootObject = 1A4A23111CCA8D2C003A4350 /* Project object */;
}
